
Microsoft Visual Studio Solution File, Format Version 12.00
# Visual Studio Version 17
VisualStudioVersion = 17.4.33205.214
MinimumVisualStudioVersion = 10.0.40219.1
Project("{9A19103F-16F7-4668-BE54-9A1E7A4F7556}") = "LicenseAdaptor.Domain", "LicenseAdaptor.Domain\LicenseAdaptor.Domain.csproj", "{FBC9532B-F549-43F1-91D5-F24F5F2827D8}"
EndProject
Project("{9A19103F-16F7-4668-BE54-9A1E7A4F7556}") = "LicenseAdaptor.Api", "LicenseAdaptor.Api\LicenseAdaptor.Api.csproj", "{3947ABCE-28E3-4483-AF30-C7D488646D83}"
EndProject
Global
	GlobalSection(SolutionConfigurationPlatforms) = preSolution
		Debug|Any CPU = Debug|Any CPU
		Release|Any CPU = Release|Any CPU
	EndGlobalSection
	GlobalSection(ProjectConfigurationPlatforms) = postSolution
		{FBC9532B-F549-43F1-91D5-F24F5F2827D8}.Debug|Any CPU.ActiveCfg = Debug|Any CPU
		{FBC9532B-F549-43F1-91D5-F24F5F2827D8}.Debug|Any CPU.Build.0 = Debug|Any CPU
		{FBC9532B-F549-43F1-91D5-F24F5F2827D8}.Release|Any CPU.ActiveCfg = Release|Any CPU
		{FBC9532B-F549-43F1-91D5-F24F5F2827D8}.Release|Any CPU.Build.0 = Release|Any CPU
		{3947ABCE-28E3-4483-AF30-C7D488646D83}.Debug|Any CPU.ActiveCfg = Debug|Any CPU
		{3947ABCE-28E3-4483-AF30-C7D488646D83}.Debug|Any CPU.Build.0 = Debug|Any CPU
		{3947ABCE-28E3-4483-AF30-C7D488646D83}.Release|Any CPU.ActiveCfg = Release|Any CPU
		{3947ABCE-28E3-4483-AF30-C7D488646D83}.Release|Any CPU.Build.0 = Release|Any CPU
	EndGlobalSection
	GlobalSection(SolutionProperties) = preSolution
		HideSolutionNode = FALSE
	EndGlobalSection
	GlobalSection(ExtensibilityGlobals) = postSolution
		SolutionGuid = {0C0CA80B-AD41-44C0-A5F4-E6F6E93D59DA}
	EndGlobalSection
EndGlobal
